
Microsoft Visual Studio Solution File, Format Version 12.00
# Visual Studio Version 17
VisualStudioVersion = 17.2.32516.85
MinimumVisualStudioVersion = 10.0.40219.1
Project("{9A19103F-16F7-4668-BE54-9A1E7A4F7556}") = "CraftBot.App", "CraftBot.App/CraftBot.App.csproj", "{EA92F104-320B-49DF-8444-7271646FCD36}"
EndProject
Project("{FAE04EC0-301F-11D3-BF4B-00C04F79EFBC}") = "CraftBot.Tests", "CraftBot.Tests/CraftBot.Tests.csproj", "{4CC47331-F381-4167-B378-5AA58908E209}"
EndProject
Global
	GlobalSection(SolutionConfigurationPlatforms) = preSolution
		Debug|Any CPU = Debug|Any CPU
		Release|Any CPU = Release|Any CPU
	EndGlobalSection
	GlobalSection(ProjectConfigurationPlatforms) = postSolution
		{EA92F104-320B-49DF-8444-7271646FCD36}.Debug|Any CPU.ActiveCfg = Debug|Any CPU
		{EA92F104-320B-49DF-8444-7271646FCD36}.Debug|Any CPU.Build.0 = Debug|Any CPU
		{EA92F104-320B-49DF-8444-7271646FCD36}.Release|Any CPU.ActiveCfg = Release|Any CPU
		{EA92F104-320B-49DF-8444-7271646FCD36}.Release|Any CPU.Build.0 = Release|Any CPU
		{4CC47331-F381-4167-B378-5AA58908E209}.Debug|Any CPU.ActiveCfg = Debug|Any CPU
		{4CC47331-F381-4167-B378-5AA58908E209}.Debug|Any CPU.Build.0 = Debug|Any CPU
		{4CC47331-F381-4167-B378-5AA58908E209}.Release|Any CPU.ActiveCfg = Release|Any CPU
		{4CC47331-F381-4167-B378-5AA58908E209}.Release|Any CPU.Build.0 = Release|Any CPU
	EndGlobalSection
	GlobalSection(SolutionProperties) = preSolution
		HideSolutionNode = FALSE
	EndGlobalSection
	GlobalSection(ExtensibilityGlobals) = postSolution
		SolutionGuid = {31ED0BA5-2A93-4BAF-9FEC-4FA1D00928EC}
	EndGlobalSection
EndGlobal
